
Microsoft Visual Studio Solution File, Format Version 12.00
# Visual Studio Version 16
VisualStudioVersion = 16.0.30011.22
MinimumVisualStudioVersion = 10.0.40219.1
Project("{8BC9CEB8-8B4A-11D0-8D11-00A0C91BC942}") = "safe_state", "safe_state\safe_state.vcxproj", "{D3E6D7CC-02C1-40BE-93CA-0A65A8B7CB45}"
EndProject
Global
	GlobalSection(SolutionConfigurationPlatforms) = preSolution
		Debug|x64 = Debug|x64
		Debug|x86 = Debug|x86
		Release|x64 = Release|x64
		Release|x86 = Release|x86
	EndGlobalSection
	GlobalSection(ProjectConfigurationPlatforms) = postSolution
		{D3E6D7CC-02C1-40BE-93CA-0A65A8B7CB45}.Debug|x64.ActiveCfg = Debug|x64
		{D3E6D7CC-02C1-40BE-93CA-0A65A8B7CB45}.Debug|x64.Build.0 = Debug|x64
		{D3E6D7CC-02C1-40BE-93CA-0A65A8B7CB45}.Debug|x86.ActiveCfg = Debug|Win32
		{D3E6D7CC-02C1-40BE-93CA-0A65A8B7CB45}.Debug|x86.Build.0 = Debug|Win32
		{D3E6D7CC-02C1-40BE-93CA-0A65A8B7CB45}.Release|x64.ActiveCfg = Release|x64
		{D3E6D7CC-02C1-40BE-93CA-0A65A8B7CB45}.Release|x64.Build.0 = Release|x64
		{D3E6D7CC-02C1-40BE-93CA-0A65A8B7CB45}.Release|x86.ActiveCfg = Release|Win32
		{D3E6D7CC-02C1-40BE-93CA-0A65A8B7CB45}.Release|x86.Build.0 = Release|Win32
	EndGlobalSection
	GlobalSection(SolutionProperties) = preSolution
		HideSolutionNode = FALSE
	EndGlobalSection
	GlobalSection(ExtensibilityGlobals) = postSolution
		SolutionGuid = {5D37D1E7-F4ED-4139-AE17-FD78887591E7}
	EndGlobalSection
EndGlobal
